
Microsoft Visual Studio Solution File, Format Version 12.00
# Visual Studio Version 16
VisualStudioVersion = 16.0.31702.278
MinimumVisualStudioVersion = 10.0.40219.1
Project("{FAE04EC0-301F-11D3-BF4B-00C04F79EFBC}") = "BranchPracticeCE", "BranchPracticeCE\BranchPracticeCE.csproj", "{EA45C164-B413-4953-9EC4-AB9A71C62C7E}"
EndProject
Global
	GlobalSection(SolutionConfigurationPlatforms) = preSolution
		Debug|Any CPU = Debug|Any CPU
		Release|Any CPU = Release|Any CPU
	EndGlobalSection
	GlobalSection(ProjectConfigurationPlatforms) = postSolution
		{EA45C164-B413-4953-9EC4-AB9A71C62C7E}.Debug|Any CPU.ActiveCfg = Debug|Any CPU
		{EA45C164-B413-4953-9EC4-AB9A71C62C7E}.Debug|Any CPU.Build.0 = Debug|Any CPU
		{EA45C164-B413-4953-9EC4-AB9A71C62C7E}.Release|Any CPU.ActiveCfg = Release|Any CPU
		{EA45C164-B413-4953-9EC4-AB9A71C62C7E}.Release|Any CPU.Build.0 = Release|Any CPU
	EndGlobalSection
	GlobalSection(SolutionProperties) = preSolution
		HideSolutionNode = FALSE
	EndGlobalSection
	GlobalSection(ExtensibilityGlobals) = postSolution
		SolutionGuid = {2519CC85-EF57-4D73-BD09-91689A0B7DA8}
	EndGlobalSection
EndGlobal
